
Microsoft Visual Studio Solution File, Format Version 12.00
# Visual Studio Version 17
VisualStudioVersion = 17.3.32819.101
MinimumVisualStudioVersion = 10.0.40219.1
Project("{FAE04EC0-301F-11D3-BF4B-00C04F79EFBC}") = "Kordamine_1", "Kordamine_1\Kordamine_1.csproj", "{9510C852-784A-410F-A592-001240C1DC13}"
EndProject
Global
	GlobalSection(SolutionConfigurationPlatforms) = preSolution
		Debug|Any CPU = Debug|Any CPU
		Release|Any CPU = Release|Any CPU
	EndGlobalSection
	GlobalSection(ProjectConfigurationPlatforms) = postSolution
		{9510C852-784A-410F-A592-001240C1DC13}.Debug|Any CPU.ActiveCfg = Debug|Any CPU
		{9510C852-784A-410F-A592-001240C1DC13}.Debug|Any CPU.Build.0 = Debug|Any CPU
		{9510C852-784A-410F-A592-001240C1DC13}.Release|Any CPU.ActiveCfg = Release|Any CPU
		{9510C852-784A-410F-A592-001240C1DC13}.Release|Any CPU.Build.0 = Release|Any CPU
	EndGlobalSection
	GlobalSection(SolutionProperties) = preSolution
		HideSolutionNode = FALSE
	EndGlobalSection
	GlobalSection(ExtensibilityGlobals) = postSolution
		SolutionGuid = {3361921A-6BD1-41C8-B618-5B546A3DF0F3}
	EndGlobalSection
EndGlobal
